
Microsoft Visual Studio Solution File, Format Version 12.00
# Visual Studio Version 17
VisualStudioVersion = 17.10.34928.147
MinimumVisualStudioVersion = 10.0.40219.1
Project("{FAE04EC0-301F-11D3-BF4B-00C04F79EFBC}") = "MetrcDatabaseWriter", "MetrcDatabaseWriter\MetrcDatabaseWriter.csproj", "{88C810E6-5300-4AD8-8C54-43A81C628B25}"
EndProject
Project("{9A19103F-16F7-4668-BE54-9A1E7A4F7556}") = "MetrcAPIService", "..\MetrcAPIService\MetrcAPIService\MetrcAPIService.csproj", "{A26A692F-436E-4AA7-A447-3539A1C264A3}"
EndProject
Project("{FAE04EC0-301F-11D3-BF4B-00C04F79EFBC}") = "FabToolKit", "..\..\My Libraries\FabToolKit\FabToolKit\FabToolKit.csproj", "{8378DA09-D3F1-D3CD-1075-44D308602D34}"
EndProject
Global
	GlobalSection(SolutionConfigurationPlatforms) = preSolution
		Debug|Any CPU = Debug|Any CPU
		Release|Any CPU = Release|Any CPU
	EndGlobalSection
	GlobalSection(ProjectConfigurationPlatforms) = postSolution
		{88C810E6-5300-4AD8-8C54-43A81C628B25}.Debug|Any CPU.ActiveCfg = Debug|Any CPU
		{88C810E6-5300-4AD8-8C54-43A81C628B25}.Debug|Any CPU.Build.0 = Debug|Any CPU
		{88C810E6-5300-4AD8-8C54-43A81C628B25}.Release|Any CPU.ActiveCfg = Release|Any CPU
		{88C810E6-5300-4AD8-8C54-43A81C628B25}.Release|Any CPU.Build.0 = Release|Any CPU
		{A26A692F-436E-4AA7-A447-3539A1C264A3}.Debug|Any CPU.ActiveCfg = Debug|Any CPU
		{A26A692F-436E-4AA7-A447-3539A1C264A3}.Debug|Any CPU.Build.0 = Debug|Any CPU
		{A26A692F-436E-4AA7-A447-3539A1C264A3}.Release|Any CPU.ActiveCfg = Release|Any CPU
		{A26A692F-436E-4AA7-A447-3539A1C264A3}.Release|Any CPU.Build.0 = Release|Any CPU
		{8378DA09-D3F1-D3CD-1075-44D308602D34}.Debug|Any CPU.ActiveCfg = Debug|Any CPU
		{8378DA09-D3F1-D3CD-1075-44D308602D34}.Debug|Any CPU.Build.0 = Debug|Any CPU
		{8378DA09-D3F1-D3CD-1075-44D308602D34}.Release|Any CPU.ActiveCfg = Release|Any CPU
		{8378DA09-D3F1-D3CD-1075-44D308602D34}.Release|Any CPU.Build.0 = Release|Any CPU
	EndGlobalSection
	GlobalSection(SolutionProperties) = preSolution
		HideSolutionNode = FALSE
	EndGlobalSection
	GlobalSection(ExtensibilityGlobals) = postSolution
		SolutionGuid = {7E5C87C5-9FC2-4D2B-8B03-D67FA5FE48FE}
	EndGlobalSection
EndGlobal
